
Microsoft Visual Studio Solution File, Format Version 9.00
# Visual Studio 2005
Project("{FAE04EC0-301F-11D3-BF4B-00C04F79EFBC}") = "BSE.Charts", "BSE.Charts\BSE.Charts.csproj", "{FF42EB69-7451-41D8-9AFB-6311BC68D3B4}"
EndProject
Project("{FAE04EC0-301F-11D3-BF4B-00C04F79EFBC}") = "BSE.Charts.TestApp", "BSE.Charts.TestApp\BSE.Charts.TestApp.csproj", "{B76588BE-E3B6-41CC-BA6E-A5821651B084}"
EndProject
Global
	GlobalSection(SourceCodeControl) = preSolution
		SccNumberOfProjects = 3
		SccProjectName0 = \u0022$/VS2005/BSE.Charts\u0022,\u0020MICAAAAA
		SccLocalPath0 = .
		SccProvider0 = MSSCCI:Microsoft\u0020Visual\u0020SourceSafe
		CanCheckoutShared = false
		SccProjectUniqueName1 = BSE.Charts\\BSE.Charts.csproj
		SccLocalPath1 = .
		CanCheckoutShared = false
		SccProjectFilePathRelativizedFromConnection1 = BSE.Charts\\
		SccProjectUniqueName2 = BSE.Charts.TestApp\\BSE.Charts.TestApp.csproj
		SccLocalPath2 = .
		CanCheckoutShared = false
		SccProjectFilePathRelativizedFromConnection2 = BSE.Charts.TestApp\\
	EndGlobalSection
	GlobalSection(SolutionConfigurationPlatforms) = preSolution
		Debug|Any CPU = Debug|Any CPU
		Release|Any CPU = Release|Any CPU
	EndGlobalSection
	GlobalSection(ProjectConfigurationPlatforms) = postSolution
		{FF42EB69-7451-41D8-9AFB-6311BC68D3B4}.Debug|Any CPU.ActiveCfg = Debug|Any CPU
		{FF42EB69-7451-41D8-9AFB-6311BC68D3B4}.Debug|Any CPU.Build.0 = Debug|Any CPU
		{FF42EB69-7451-41D8-9AFB-6311BC68D3B4}.Release|Any CPU.ActiveCfg = Release|Any CPU
		{FF42EB69-7451-41D8-9AFB-6311BC68D3B4}.Release|Any CPU.Build.0 = Release|Any CPU
		{B76588BE-E3B6-41CC-BA6E-A5821651B084}.Debug|Any CPU.ActiveCfg = Debug|Any CPU
		{B76588BE-E3B6-41CC-BA6E-A5821651B084}.Debug|Any CPU.Build.0 = Debug|Any CPU
		{B76588BE-E3B6-41CC-BA6E-A5821651B084}.Release|Any CPU.ActiveCfg = Release|Any CPU
		{B76588BE-E3B6-41CC-BA6E-A5821651B084}.Release|Any CPU.Build.0 = Release|Any CPU
	EndGlobalSection
	GlobalSection(SolutionProperties) = preSolution
		HideSolutionNode = FALSE
	EndGlobalSection
EndGlobal
