
Microsoft Visual Studio Solution File, Format Version 12.00
# Visual Studio Version 17
VisualStudioVersion = 17.14.36518.9 d17.14
MinimumVisualStudioVersion = 10.0.40219.1
Project("{FAE04EC0-301F-11D3-BF4B-00C04F79EFBC}") = "BSE.Charts", "BSE.Charts\BSE.Charts.csproj", "{FF42EB69-7451-41D8-9AFB-6311BC68D3B4}"
EndProject
Project("{FAE04EC0-301F-11D3-BF4B-00C04F79EFBC}") = "BSE.Charts.TestApp", "BSE.Charts.TestApp\BSE.Charts.TestApp.csproj", "{B76588BE-E3B6-41CC-BA6E-A5821651B084}"
EndProject
Global
	GlobalSection(SolutionConfigurationPlatforms) = preSolution
		Debug|Any CPU = Debug|Any CPU
		Release|Any CPU = Release|Any CPU
	EndGlobalSection
	GlobalSection(ProjectConfigurationPlatforms) = postSolution
		{FF42EB69-7451-41D8-9AFB-6311BC68D3B4}.Debug|Any CPU.ActiveCfg = Debug|Any CPU
		{FF42EB69-7451-41D8-9AFB-6311BC68D3B4}.Debug|Any CPU.Build.0 = Debug|Any CPU
		{FF42EB69-7451-41D8-9AFB-6311BC68D3B4}.Release|Any CPU.ActiveCfg = Release|Any CPU
		{FF42EB69-7451-41D8-9AFB-6311BC68D3B4}.Release|Any CPU.Build.0 = Release|Any CPU
		{B76588BE-E3B6-41CC-BA6E-A5821651B084}.Debug|Any CPU.ActiveCfg = Debug|Any CPU
		{B76588BE-E3B6-41CC-BA6E-A5821651B084}.Debug|Any CPU.Build.0 = Debug|Any CPU
		{B76588BE-E3B6-41CC-BA6E-A5821651B084}.Release|Any CPU.ActiveCfg = Release|Any CPU
		{B76588BE-E3B6-41CC-BA6E-A5821651B084}.Release|Any CPU.Build.0 = Release|Any CPU
	EndGlobalSection
	GlobalSection(SolutionProperties) = preSolution
		HideSolutionNode = FALSE
	EndGlobalSection
	GlobalSection(ExtensibilityGlobals) = postSolution
		SolutionGuid = {513FA827-D062-4233-89A2-07A13881D227}
	EndGlobalSection
EndGlobal
